
Microsoft Visual Studio Solution File, Format Version 12.00
# Visual Studio Version 17
VisualStudioVersion = 17.14.36401.2 d17.14
MinimumVisualStudioVersion = 10.0.40219.1
Project("{FAE04EC0-301F-11D3-BF4B-00C04F79EFBC}") = "envoy-attendance", "envoy-attendance.csproj", "{C8E9BFED-DD9E-4FD0-8547-C6CDB275FD68}"
EndProject
Global
	GlobalSection(SolutionConfigurationPlatforms) = preSolution
		Debug|Any CPU = Debug|Any CPU
		Release|Any CPU = Release|Any CPU
	EndGlobalSection
	GlobalSection(ProjectConfigurationPlatforms) = postSolution
		{C8E9BFED-DD9E-4FD0-8547-C6CDB275FD68}.Debug|Any CPU.ActiveCfg = Debug|Any CPU
		{C8E9BFED-DD9E-4FD0-8547-C6CDB275FD68}.Debug|Any CPU.Build.0 = Debug|Any CPU
		{C8E9BFED-DD9E-4FD0-8547-C6CDB275FD68}.Release|Any CPU.ActiveCfg = Release|Any CPU
		{C8E9BFED-DD9E-4FD0-8547-C6CDB275FD68}.Release|Any CPU.Build.0 = Release|Any CPU
	EndGlobalSection
	GlobalSection(SolutionProperties) = preSolution
		HideSolutionNode = FALSE
	EndGlobalSection
	GlobalSection(ExtensibilityGlobals) = postSolution
		SolutionGuid = {A1D9AD35-92D5-49C0-AABC-5917D48245D5}
	EndGlobalSection
EndGlobal
